
Microsoft Visual Studio Solution File, Format Version 12.00
# Visual Studio Version 16
VisualStudioVersion = 16.0.30804.86
MinimumVisualStudioVersion = 10.0.40219.1
Project("{FAE04EC0-301F-11D3-BF4B-00C04F79EFBC}") = "Main", "Main\Main.csproj", "{E63B621B-7E4C-434E-BE15-F36B782986C0}"
EndProject
Project("{FAE04EC0-301F-11D3-BF4B-00C04F79EFBC}") = "MachineManagement", "MachineManagement\MachineManagement.csproj", "{45ABA234-0EB1-4521-B0E1-84A5D8A51C53}"
EndProject
Project("{FAE04EC0-301F-11D3-BF4B-00C04F79EFBC}") = "MachineOperation", "MachineOperation\MachineOperation.csproj", "{D448BCDE-DA27-49A2-87B9-6E18D724E2D9}"
EndProject
Project("{FAE04EC0-301F-11D3-BF4B-00C04F79EFBC}") = "StoreManagement", "StoreManagement\StoreManagement.csproj", "{A7766CB7-CF77-492E-920D-E3715AE1C12B}"
EndProject
Project("{FAE04EC0-301F-11D3-BF4B-00C04F79EFBC}") = "HourlyStitchDashboard", "HourlyStitchDashboard\HourlyStitchDashboard.csproj", "{BFB3EB08-5570-443D-A130-2BEC6D7557B0}"
EndProject
Project("{FAE04EC0-301F-11D3-BF4B-00C04F79EFBC}") = "GlobalLib", "DataAccess\GlobalLib.csproj", "{4FCB5C01-A82C-42C8-BC13-30EC49D4B702}"
EndProject
Project("{2150E333-8FDC-42A3-9474-1A3956D46DE8}") = "Solution Items", "Solution Items", "{00981ECA-F147-4E72-9C1D-D81BA3E05EE5}"
	ProjectSection(SolutionItems) = preProject
		.editorconfig = .editorconfig
	EndProjectSection
EndProject
Project("{FAE04EC0-301F-11D3-BF4B-00C04F79EFBC}") = "DesignerDashboard", "DesignerDashboard\DesignerDashboard.csproj", "{EC7C3F43-4CF9-4506-844F-FDC0AF737AA3}"
EndProject
Project("{FAE04EC0-301F-11D3-BF4B-00C04F79EFBC}") = "MasterDashboard", "MasterDashboard\MasterDashboard.csproj", "{CF0A7E06-C472-4861-A0A1-7904373D9237}"
EndProject
Project("{FAE04EC0-301F-11D3-BF4B-00C04F79EFBC}") = "ProductionTracker", "ProductionTracker\ProductionTracker.csproj", "{BEA2B541-3C0E-4962-8117-87F2918B1E9E}"
EndProject
Global
	GlobalSection(SolutionConfigurationPlatforms) = preSolution
		Debug|Any CPU = Debug|Any CPU
		Debug|ARM = Debug|ARM
		Debug|ARM64 = Debug|ARM64
		Debug|x64 = Debug|x64
		Debug|x86 = Debug|x86
		Release|Any CPU = Release|Any CPU
		Release|ARM = Release|ARM
		Release|ARM64 = Release|ARM64
		Release|x64 = Release|x64
		Release|x86 = Release|x86
	EndGlobalSection
	GlobalSection(ProjectConfigurationPlatforms) = postSolution
		{E63B621B-7E4C-434E-BE15-F36B782986C0}.Debug|Any CPU.ActiveCfg = Debug|Any CPU
		{E63B621B-7E4C-434E-BE15-F36B782986C0}.Debug|Any CPU.Build.0 = Debug|Any CPU
		{E63B621B-7E4C-434E-BE15-F36B782986C0}.Debug|Any CPU.Deploy.0 = Debug|Any CPU
		{E63B621B-7E4C-434E-BE15-F36B782986C0}.Debug|ARM.ActiveCfg = Debug|Any CPU
		{E63B621B-7E4C-434E-BE15-F36B782986C0}.Debug|ARM.Build.0 = Debug|Any CPU
		{E63B621B-7E4C-434E-BE15-F36B782986C0}.Debug|ARM64.ActiveCfg = Debug|Any CPU
		{E63B621B-7E4C-434E-BE15-F36B782986C0}.Debug|ARM64.Build.0 = Debug|Any CPU
		{E63B621B-7E4C-434E-BE15-F36B782986C0}.Debug|x64.ActiveCfg = Debug|Any CPU
		{E63B621B-7E4C-434E-BE15-F36B782986C0}.Debug|x64.Build.0 = Debug|Any CPU
		{E63B621B-7E4C-434E-BE15-F36B782986C0}.Debug|x86.ActiveCfg = Debug|Any CPU
		{E63B621B-7E4C-434E-BE15-F36B782986C0}.Debug|x86.Build.0 = Debug|Any CPU
		{E63B621B-7E4C-434E-BE15-F36B782986C0}.Release|Any CPU.ActiveCfg = Release|Any CPU
		{E63B621B-7E4C-434E-BE15-F36B782986C0}.Release|Any CPU.Build.0 = Release|Any CPU
		{E63B621B-7E4C-434E-BE15-F36B782986C0}.Release|ARM.ActiveCfg = Release|Any CPU
		{E63B621B-7E4C-434E-BE15-F36B782986C0}.Release|ARM.Build.0 = Release|Any CPU
		{E63B621B-7E4C-434E-BE15-F36B782986C0}.Release|ARM64.ActiveCfg = Release|Any CPU
		{E63B621B-7E4C-434E-BE15-F36B782986C0}.Release|ARM64.Build.0 = Release|Any CPU
		{E63B621B-7E4C-434E-BE15-F36B782986C0}.Release|x64.ActiveCfg = Release|x64
		{E63B621B-7E4C-434E-BE15-F36B782986C0}.Release|x64.Build.0 = Release|x64
		{E63B621B-7E4C-434E-BE15-F36B782986C0}.Release|x86.ActiveCfg = Release|x86
		{E63B621B-7E4C-434E-BE15-F36B782986C0}.Release|x86.Build.0 = Release|x86
		{45ABA234-0EB1-4521-B0E1-84A5D8A51C53}.Debug|Any CPU.ActiveCfg = Debug|Any CPU
		{45ABA234-0EB1-4521-B0E1-84A5D8A51C53}.Debug|Any CPU.Build.0 = Debug|Any CPU
		{45ABA234-0EB1-4521-B0E1-84A5D8A51C53}.Debug|ARM.ActiveCfg = Debug|Any CPU
		{45ABA234-0EB1-4521-B0E1-84A5D8A51C53}.Debug|ARM.Build.0 = Debug|Any CPU
		{45ABA234-0EB1-4521-B0E1-84A5D8A51C53}.Debug|ARM64.ActiveCfg = Debug|Any CPU
		{45ABA234-0EB1-4521-B0E1-84A5D8A51C53}.Debug|ARM64.Build.0 = Debug|Any CPU
		{45ABA234-0EB1-4521-B0E1-84A5D8A51C53}.Debug|x64.ActiveCfg = Debug|Any CPU
		{45ABA234-0EB1-4521-B0E1-84A5D8A51C53}.Debug|x64.Build.0 = Debug|Any CPU
		{45ABA234-0EB1-4521-B0E1-84A5D8A51C53}.Debug|x86.ActiveCfg = Debug|Any CPU
		{45ABA234-0EB1-4521-B0E1-84A5D8A51C53}.Debug|x86.Build.0 = Debug|Any CPU
		{45ABA234-0EB1-4521-B0E1-84A5D8A51C53}.Release|Any CPU.ActiveCfg = Release|Any CPU
		{45ABA234-0EB1-4521-B0E1-84A5D8A51C53}.Release|Any CPU.Build.0 = Release|Any CPU
		{45ABA234-0EB1-4521-B0E1-84A5D8A51C53}.Release|ARM.ActiveCfg = Release|Any CPU
		{45ABA234-0EB1-4521-B0E1-84A5D8A51C53}.Release|ARM.Build.0 = Release|Any CPU
		{45ABA234-0EB1-4521-B0E1-84A5D8A51C53}.Release|ARM64.ActiveCfg = Release|Any CPU
		{45ABA234-0EB1-4521-B0E1-84A5D8A51C53}.Release|ARM64.Build.0 = Release|Any CPU
		{45ABA234-0EB1-4521-B0E1-84A5D8A51C53}.Release|x64.ActiveCfg = Release|x64
		{45ABA234-0EB1-4521-B0E1-84A5D8A51C53}.Release|x64.Build.0 = Release|x64
		{45ABA234-0EB1-4521-B0E1-84A5D8A51C53}.Release|x86.ActiveCfg = Release|x86
		{45ABA234-0EB1-4521-B0E1-84A5D8A51C53}.Release|x86.Build.0 = Release|x86
		{D448BCDE-DA27-49A2-87B9-6E18D724E2D9}.Debug|Any CPU.ActiveCfg = Debug|Any CPU
		{D448BCDE-DA27-49A2-87B9-6E18D724E2D9}.Debug|Any CPU.Build.0 = Debug|Any CPU
		{D448BCDE-DA27-49A2-87B9-6E18D724E2D9}.Debug|ARM.ActiveCfg = Debug|Any CPU
		{D448BCDE-DA27-49A2-87B9-6E18D724E2D9}.Debug|ARM.Build.0 = Debug|Any CPU
		{D448BCDE-DA27-49A2-87B9-6E18D724E2D9}.Debug|ARM64.ActiveCfg = Debug|Any CPU
		{D448BCDE-DA27-49A2-87B9-6E18D724E2D9}.Debug|ARM64.Build.0 = Debug|Any CPU
		{D448BCDE-DA27-49A2-87B9-6E18D724E2D9}.Debug|x64.ActiveCfg = Debug|Any CPU
		{D448BCDE-DA27-49A2-87B9-6E18D724E2D9}.Debug|x64.Build.0 = Debug|Any CPU
		{D448BCDE-DA27-49A2-87B9-6E18D724E2D9}.Debug|x86.ActiveCfg = Debug|Any CPU
		{D448BCDE-DA27-49A2-87B9-6E18D724E2D9}.Debug|x86.Build.0 = Debug|Any CPU
		{D448BCDE-DA27-49A2-87B9-6E18D724E2D9}.Release|Any CPU.ActiveCfg = Release|Any CPU
		{D448BCDE-DA27-49A2-87B9-6E18D724E2D9}.Release|Any CPU.Build.0 = Release|Any CPU
		{D448BCDE-DA27-49A2-87B9-6E18D724E2D9}.Release|ARM.ActiveCfg = Release|Any CPU
		{D448BCDE-DA27-49A2-87B9-6E18D724E2D9}.Release|ARM.Build.0 = Release|Any CPU
		{D448BCDE-DA27-49A2-87B9-6E18D724E2D9}.Release|ARM64.ActiveCfg = Release|Any CPU
		{D448BCDE-DA27-49A2-87B9-6E18D724E2D9}.Release|ARM64.Build.0 = Release|Any CPU
		{D448BCDE-DA27-49A2-87B9-6E18D724E2D9}.Release|x64.ActiveCfg = Release|x64
		{D448BCDE-DA27-49A2-87B9-6E18D724E2D9}.Release|x64.Build.0 = Release|x64
		{D448BCDE-DA27-49A2-87B9-6E18D724E2D9}.Release|x86.ActiveCfg = Release|x86
		{D448BCDE-DA27-49A2-87B9-6E18D724E2D9}.Release|x86.Build.0 = Release|x86
		{A7766CB7-CF77-492E-920D-E3715AE1C12B}.Debug|Any CPU.ActiveCfg = Debug|Any CPU
		{A7766CB7-CF77-492E-920D-E3715AE1C12B}.Debug|Any CPU.Build.0 = Debug|Any CPU
		{A7766CB7-CF77-492E-920D-E3715AE1C12B}.Debug|ARM.ActiveCfg = Debug|Any CPU
		{A7766CB7-CF77-492E-920D-E3715AE1C12B}.Debug|ARM.Build.0 = Debug|Any CPU
		{A7766CB7-CF77-492E-920D-E3715AE1C12B}.Debug|ARM64.ActiveCfg = Debug|Any CPU
		{A7766CB7-CF77-492E-920D-E3715AE1C12B}.Debug|ARM64.Build.0 = Debug|Any CPU
		{A7766CB7-CF77-492E-920D-E3715AE1C12B}.Debug|x64.ActiveCfg = Debug|Any CPU
		{A7766CB7-CF77-492E-920D-E3715AE1C12B}.Debug|x64.Build.0 = Debug|Any CPU
		{A7766CB7-CF77-492E-920D-E3715AE1C12B}.Debug|x86.ActiveCfg = Debug|Any CPU
		{A7766CB7-CF77-492E-920D-E3715AE1C12B}.Debug|x86.Build.0 = Debug|Any CPU
		{A7766CB7-CF77-492E-920D-E3715AE1C12B}.Release|Any CPU.ActiveCfg = Release|Any CPU
		{A7766CB7-CF77-492E-920D-E3715AE1C12B}.Release|Any CPU.Build.0 = Release|Any CPU
		{A7766CB7-CF77-492E-920D-E3715AE1C12B}.Release|ARM.ActiveCfg = Release|Any CPU
		{A7766CB7-CF77-492E-920D-E3715AE1C12B}.Release|ARM.Build.0 = Release|Any CPU
		{A7766CB7-CF77-492E-920D-E3715AE1C12B}.Release|ARM64.ActiveCfg = Release|Any CPU
		{A7766CB7-CF77-492E-920D-E3715AE1C12B}.Release|ARM64.Build.0 = Release|Any CPU
		{A7766CB7-CF77-492E-920D-E3715AE1C12B}.Release|x64.ActiveCfg = Release|x64
		{A7766CB7-CF77-492E-920D-E3715AE1C12B}.Release|x64.Build.0 = Release|x64
		{A7766CB7-CF77-492E-920D-E3715AE1C12B}.Release|x86.ActiveCfg = Release|x86
		{A7766CB7-CF77-492E-920D-E3715AE1C12B}.Release|x86.Build.0 = Release|x86
		{BFB3EB08-5570-443D-A130-2BEC6D7557B0}.Debug|Any CPU.ActiveCfg = Debug|Any CPU
		{BFB3EB08-5570-443D-A130-2BEC6D7557B0}.Debug|Any CPU.Build.0 = Debug|Any CPU
		{BFB3EB08-5570-443D-A130-2BEC6D7557B0}.Debug|ARM.ActiveCfg = Debug|Any CPU
		{BFB3EB08-5570-443D-A130-2BEC6D7557B0}.Debug|ARM.Build.0 = Debug|Any CPU
		{BFB3EB08-5570-443D-A130-2BEC6D7557B0}.Debug|ARM64.ActiveCfg = Debug|Any CPU
		{BFB3EB08-5570-443D-A130-2BEC6D7557B0}.Debug|ARM64.Build.0 = Debug|Any CPU
		{BFB3EB08-5570-443D-A130-2BEC6D7557B0}.Debug|x64.ActiveCfg = Debug|Any CPU
		{BFB3EB08-5570-443D-A130-2BEC6D7557B0}.Debug|x64.Build.0 = Debug|Any CPU
		{BFB3EB08-5570-443D-A130-2BEC6D7557B0}.Debug|x86.ActiveCfg = Debug|Any CPU
		{BFB3EB08-5570-443D-A130-2BEC6D7557B0}.Debug|x86.Build.0 = Debug|Any CPU
		{BFB3EB08-5570-443D-A130-2BEC6D7557B0}.Release|Any CPU.ActiveCfg = Release|Any CPU
		{BFB3EB08-5570-443D-A130-2BEC6D7557B0}.Release|Any CPU.Build.0 = Release|Any CPU
		{BFB3EB08-5570-443D-A130-2BEC6D7557B0}.Release|ARM.ActiveCfg = Release|Any CPU
		{BFB3EB08-5570-443D-A130-2BEC6D7557B0}.Release|ARM.Build.0 = Release|Any CPU
		{BFB3EB08-5570-443D-A130-2BEC6D7557B0}.Release|ARM64.ActiveCfg = Release|Any CPU
		{BFB3EB08-5570-443D-A130-2BEC6D7557B0}.Release|ARM64.Build.0 = Release|Any CPU
		{BFB3EB08-5570-443D-A130-2BEC6D7557B0}.Release|x64.ActiveCfg = Release|x64
		{BFB3EB08-5570-443D-A130-2BEC6D7557B0}.Release|x64.Build.0 = Release|x64
		{BFB3EB08-5570-443D-A130-2BEC6D7557B0}.Release|x86.ActiveCfg = Release|x86
		{BFB3EB08-5570-443D-A130-2BEC6D7557B0}.Release|x86.Build.0 = Release|x86
		{4FCB5C01-A82C-42C8-BC13-30EC49D4B702}.Debug|Any CPU.ActiveCfg = Debug|Any CPU
		{4FCB5C01-A82C-42C8-BC13-30EC49D4B702}.Debug|Any CPU.Build.0 = Debug|Any CPU
		{4FCB5C01-A82C-42C8-BC13-30EC49D4B702}.Debug|ARM.ActiveCfg = Debug|Any CPU
		{4FCB5C01-A82C-42C8-BC13-30EC49D4B702}.Debug|ARM.Build.0 = Debug|Any CPU
		{4FCB5C01-A82C-42C8-BC13-30EC49D4B702}.Debug|ARM64.ActiveCfg = Debug|Any CPU
		{4FCB5C01-A82C-42C8-BC13-30EC49D4B702}.Debug|ARM64.Build.0 = Debug|Any CPU
		{4FCB5C01-A82C-42C8-BC13-30EC49D4B702}.Debug|x64.ActiveCfg = Debug|Any CPU
		{4FCB5C01-A82C-42C8-BC13-30EC49D4B702}.Debug|x64.Build.0 = Debug|Any CPU
		{4FCB5C01-A82C-42C8-BC13-30EC49D4B702}.Debug|x86.ActiveCfg = Debug|Any CPU
		{4FCB5C01-A82C-42C8-BC13-30EC49D4B702}.Debug|x86.Build.0 = Debug|Any CPU
		{4FCB5C01-A82C-42C8-BC13-30EC49D4B702}.Release|Any CPU.ActiveCfg = Release|Any CPU
		{4FCB5C01-A82C-42C8-BC13-30EC49D4B702}.Release|Any CPU.Build.0 = Release|Any CPU
		{4FCB5C01-A82C-42C8-BC13-30EC49D4B702}.Release|ARM.ActiveCfg = Release|Any CPU
		{4FCB5C01-A82C-42C8-BC13-30EC49D4B702}.Release|ARM.Build.0 = Release|Any CPU
		{4FCB5C01-A82C-42C8-BC13-30EC49D4B702}.Release|ARM64.ActiveCfg = Release|Any CPU
		{4FCB5C01-A82C-42C8-BC13-30EC49D4B702}.Release|ARM64.Build.0 = Release|Any CPU
		{4FCB5C01-A82C-42C8-BC13-30EC49D4B702}.Release|x64.ActiveCfg = Release|x64
		{4FCB5C01-A82C-42C8-BC13-30EC49D4B702}.Release|x64.Build.0 = Release|x64
		{4FCB5C01-A82C-42C8-BC13-30EC49D4B702}.Release|x86.ActiveCfg = Release|x86
		{4FCB5C01-A82C-42C8-BC13-30EC49D4B702}.Release|x86.Build.0 = Release|x86
		{EC7C3F43-4CF9-4506-844F-FDC0AF737AA3}.Debug|Any CPU.ActiveCfg = Debug|Any CPU
		{EC7C3F43-4CF9-4506-844F-FDC0AF737AA3}.Debug|Any CPU.Build.0 = Debug|Any CPU
		{EC7C3F43-4CF9-4506-844F-FDC0AF737AA3}.Debug|ARM.ActiveCfg = Debug|Any CPU
		{EC7C3F43-4CF9-4506-844F-FDC0AF737AA3}.Debug|ARM.Build.0 = Debug|Any CPU
		{EC7C3F43-4CF9-4506-844F-FDC0AF737AA3}.Debug|ARM64.ActiveCfg = Debug|Any CPU
		{EC7C3F43-4CF9-4506-844F-FDC0AF737AA3}.Debug|ARM64.Build.0 = Debug|Any CPU
		{EC7C3F43-4CF9-4506-844F-FDC0AF737AA3}.Debug|x64.ActiveCfg = Debug|Any CPU
		{EC7C3F43-4CF9-4506-844F-FDC0AF737AA3}.Debug|x64.Build.0 = Debug|Any CPU
		{EC7C3F43-4CF9-4506-844F-FDC0AF737AA3}.Debug|x86.ActiveCfg = Debug|Any CPU
		{EC7C3F43-4CF9-4506-844F-FDC0AF737AA3}.Debug|x86.Build.0 = Debug|Any CPU
		{EC7C3F43-4CF9-4506-844F-FDC0AF737AA3}.Release|Any CPU.ActiveCfg = Release|Any CPU
		{EC7C3F43-4CF9-4506-844F-FDC0AF737AA3}.Release|Any CPU.Build.0 = Release|Any CPU
		{EC7C3F43-4CF9-4506-844F-FDC0AF737AA3}.Release|ARM.ActiveCfg = Release|Any CPU
		{EC7C3F43-4CF9-4506-844F-FDC0AF737AA3}.Release|ARM.Build.0 = Release|Any CPU
		{EC7C3F43-4CF9-4506-844F-FDC0AF737AA3}.Release|ARM64.ActiveCfg = Release|Any CPU
		{EC7C3F43-4CF9-4506-844F-FDC0AF737AA3}.Release|ARM64.Build.0 = Release|Any CPU
		{EC7C3F43-4CF9-4506-844F-FDC0AF737AA3}.Release|x64.ActiveCfg = Release|Any CPU
		{EC7C3F43-4CF9-4506-844F-FDC0AF737AA3}.Release|x64.Build.0 = Release|Any CPU
		{EC7C3F43-4CF9-4506-844F-FDC0AF737AA3}.Release|x86.ActiveCfg = Release|Any CPU
		{EC7C3F43-4CF9-4506-844F-FDC0AF737AA3}.Release|x86.Build.0 = Release|Any CPU
		{CF0A7E06-C472-4861-A0A1-7904373D9237}.Debug|Any CPU.ActiveCfg = Debug|Any CPU
		{CF0A7E06-C472-4861-A0A1-7904373D9237}.Debug|Any CPU.Build.0 = Debug|Any CPU
		{CF0A7E06-C472-4861-A0A1-7904373D9237}.Debug|ARM.ActiveCfg = Debug|Any CPU
		{CF0A7E06-C472-4861-A0A1-7904373D9237}.Debug|ARM.Build.0 = Debug|Any CPU
		{CF0A7E06-C472-4861-A0A1-7904373D9237}.Debug|ARM64.ActiveCfg = Debug|Any CPU
		{CF0A7E06-C472-4861-A0A1-7904373D9237}.Debug|ARM64.Build.0 = Debug|Any CPU
		{CF0A7E06-C472-4861-A0A1-7904373D9237}.Debug|x64.ActiveCfg = Debug|Any CPU
		{CF0A7E06-C472-4861-A0A1-7904373D9237}.Debug|x64.Build.0 = Debug|Any CPU
		{CF0A7E06-C472-4861-A0A1-7904373D9237}.Debug|x86.ActiveCfg = Debug|Any CPU
		{CF0A7E06-C472-4861-A0A1-7904373D9237}.Debug|x86.Build.0 = Debug|Any CPU
		{CF0A7E06-C472-4861-A0A1-7904373D9237}.Release|Any CPU.ActiveCfg = Release|Any CPU
		{CF0A7E06-C472-4861-A0A1-7904373D9237}.Release|Any CPU.Build.0 = Release|Any CPU
		{CF0A7E06-C472-4861-A0A1-7904373D9237}.Release|ARM.ActiveCfg = Release|Any CPU
		{CF0A7E06-C472-4861-A0A1-7904373D9237}.Release|ARM.Build.0 = Release|Any CPU
		{CF0A7E06-C472-4861-A0A1-7904373D9237}.Release|ARM64.ActiveCfg = Release|Any CPU
		{CF0A7E06-C472-4861-A0A1-7904373D9237}.Release|ARM64.Build.0 = Release|Any CPU
		{CF0A7E06-C472-4861-A0A1-7904373D9237}.Release|x64.ActiveCfg = Release|Any CPU
		{CF0A7E06-C472-4861-A0A1-7904373D9237}.Release|x64.Build.0 = Release|Any CPU
		{CF0A7E06-C472-4861-A0A1-7904373D9237}.Release|x86.ActiveCfg = Release|Any CPU
		{CF0A7E06-C472-4861-A0A1-7904373D9237}.Release|x86.Build.0 = Release|Any CPU
		{BEA2B541-3C0E-4962-8117-87F2918B1E9E}.Debug|Any CPU.ActiveCfg = Debug|Any CPU
		{BEA2B541-3C0E-4962-8117-87F2918B1E9E}.Debug|Any CPU.Build.0 = Debug|Any CPU
		{BEA2B541-3C0E-4962-8117-87F2918B1E9E}.Debug|ARM.ActiveCfg = Debug|Any CPU
		{BEA2B541-3C0E-4962-8117-87F2918B1E9E}.Debug|ARM.Build.0 = Debug|Any CPU
		{BEA2B541-3C0E-4962-8117-87F2918B1E9E}.Debug|ARM64.ActiveCfg = Debug|Any CPU
		{BEA2B541-3C0E-4962-8117-87F2918B1E9E}.Debug|ARM64.Build.0 = Debug|Any CPU
		{BEA2B541-3C0E-4962-8117-87F2918B1E9E}.Debug|x64.ActiveCfg = Debug|Any CPU
		{BEA2B541-3C0E-4962-8117-87F2918B1E9E}.Debug|x64.Build.0 = Debug|Any CPU
		{BEA2B541-3C0E-4962-8117-87F2918B1E9E}.Debug|x86.ActiveCfg = Debug|Any CPU
		{BEA2B541-3C0E-4962-8117-87F2918B1E9E}.Debug|x86.Build.0 = Debug|Any CPU
		{BEA2B541-3C0E-4962-8117-87F2918B1E9E}.Release|Any CPU.ActiveCfg = Release|Any CPU
		{BEA2B541-3C0E-4962-8117-87F2918B1E9E}.Release|Any CPU.Build.0 = Release|Any CPU
		{BEA2B541-3C0E-4962-8117-87F2918B1E9E}.Release|ARM.ActiveCfg = Release|Any CPU
		{BEA2B541-3C0E-4962-8117-87F2918B1E9E}.Release|ARM.Build.0 = Release|Any CPU
		{BEA2B541-3C0E-4962-8117-87F2918B1E9E}.Release|ARM64.ActiveCfg = Release|Any CPU
		{BEA2B541-3C0E-4962-8117-87F2918B1E9E}.Release|ARM64.Build.0 = Release|Any CPU
		{BEA2B541-3C0E-4962-8117-87F2918B1E9E}.Release|x64.ActiveCfg = Release|Any CPU
		{BEA2B541-3C0E-4962-8117-87F2918B1E9E}.Release|x64.Build.0 = Release|Any CPU
		{BEA2B541-3C0E-4962-8117-87F2918B1E9E}.Release|x86.ActiveCfg = Release|Any CPU
		{BEA2B541-3C0E-4962-8117-87F2918B1E9E}.Release|x86.Build.0 = Release|Any CPU
	EndGlobalSection
	GlobalSection(SolutionProperties) = preSolution
		HideSolutionNode = FALSE
	EndGlobalSection
	GlobalSection(ExtensibilityGlobals) = postSolution
		SolutionGuid = {9FEB045E-862E-4F27-A108-1FBC69EC6A2E}
	EndGlobalSection
EndGlobal
