
Microsoft Visual Studio Solution File, Format Version 12.00
# Visual Studio Version 17
VisualStudioVersion = 17.0.31919.166
MinimumVisualStudioVersion = 10.0.40219.1
Project("{FAE04EC0-301F-11D3-BF4B-00C04F79EFBC}") = "HourlyStitchDashboard", "HourlyStitchDashboard\HourlyStitchDashboard.csproj", "{BFB3EB08-5570-443D-A130-2BEC6D7557B0}"
EndProject
Project("{FAE04EC0-301F-11D3-BF4B-00C04F79EFBC}") = "GlobalLib", "DataAccess\GlobalLib.csproj", "{4FCB5C01-A82C-42C8-BC13-30EC49D4B702}"
EndProject
Project("{2150E333-8FDC-42A3-9474-1A3956D46DE8}") = "Solution Items", "Solution Items", "{00981ECA-F147-4E72-9C1D-D81BA3E05EE5}"
	ProjectSection(SolutionItems) = preProject
		.editorconfig = .editorconfig
	EndProjectSection
EndProject
Project("{FAE04EC0-301F-11D3-BF4B-00C04F79EFBC}") = "NazyOrderManagement", "WorkOrderManagement\NazyOrderManagement.csproj", "{5960A0B3-3E5F-426F-960C-FD36BF5E9D20}"
EndProject
Project("{2150E333-8FDC-42A3-9474-1A3956D46DE8}") = "Nazy", "Nazy", "{E8940B06-14E0-4AB4-A537-7FBF17799C8B}"
EndProject
Project("{FAE04EC0-301F-11D3-BF4B-00C04F79EFBC}") = "NazyGatepass", "NazyGatepass\NazyGatepass.csproj", "{7BB61A55-DB42-440D-BBC1-E568F394D658}"
EndProject
Project("{FAE04EC0-301F-11D3-BF4B-00C04F79EFBC}") = "LedgerManager", "LedgerManager\LedgerManager.csproj", "{C056B320-0735-46D3-990F-57D9CE8FE3A6}"
EndProject
Project("{2150E333-8FDC-42A3-9474-1A3956D46DE8}") = "Both", "Both", "{82586D6E-61AD-41AA-A7C0-2EDD9E929DF9}"
EndProject
Project("{2150E333-8FDC-42A3-9474-1A3956D46DE8}") = "ShahzaibEMB", "ShahzaibEMB", "{9C0C6262-921A-4A2F-8706-B2C5F3D2F8A9}"
EndProject
Project("{FAE04EC0-301F-11D3-BF4B-00C04F79EFBC}") = "DesignerDashboard", "DesignerDashboard\DesignerDashboard.csproj", "{EC7C3F43-4CF9-4506-844F-FDC0AF737AA3}"
EndProject
Project("{FAE04EC0-301F-11D3-BF4B-00C04F79EFBC}") = "ProductionSystem", "ProductionSystem\ProductionSystem.csproj", "{DFE7C467-8400-49C0-857C-3BB481B21927}"
EndProject
Project("{FAE04EC0-301F-11D3-BF4B-00C04F79EFBC}") = "EMBOrderManagement", "EMBOrderManagement\EMBOrderManagement.csproj", "{E1F3F878-23C4-4F73-84A6-B818D2EFDC7F}"
EndProject
Project("{FAE04EC0-301F-11D3-BF4B-00C04F79EFBC}") = "DatabaseActions", "DatabaseBackupSystem\DatabaseActions.csproj", "{FC945EE3-A95B-441D-BA26-FC490DC93690}"
EndProject
Project("{FAE04EC0-301F-11D3-BF4B-00C04F79EFBC}") = "EMBAdminDashboard", "EMBAdminDashboard\EMBAdminDashboard.csproj", "{C85267B8-188B-4DD0-B6C9-C85525AC77F6}"
EndProject
Project("{FAE04EC0-301F-11D3-BF4B-00C04F79EFBC}") = "ExpenseManager", "ExpenseManager\ExpenseManager.csproj", "{D2182086-CE6D-4C9B-B1EC-3CBF606DCC04}"
EndProject
Project("{FAE04EC0-301F-11D3-BF4B-00C04F79EFBC}") = "ManageNazyOrders", "ManageNazyOrders\ManageNazyOrders.csproj", "{4A93FB6B-E94E-41F6-A077-1662100D5971}"
EndProject
Project("{FAE04EC0-301F-11D3-BF4B-00C04F79EFBC}") = "NazyProductionManagement", "NazyProductionManagement\NazyProductionManagement.csproj", "{8403988E-0CD5-49A6-8151-EE7A6120C415}"
EndProject
Global
	GlobalSection(SolutionConfigurationPlatforms) = preSolution
		Debug|Any CPU = Debug|Any CPU
		Debug|ARM = Debug|ARM
		Debug|ARM64 = Debug|ARM64
		Debug|x64 = Debug|x64
		Debug|x86 = Debug|x86
		Release|Any CPU = Release|Any CPU
		Release|ARM = Release|ARM
		Release|ARM64 = Release|ARM64
		Release|x64 = Release|x64
		Release|x86 = Release|x86
	EndGlobalSection
	GlobalSection(ProjectConfigurationPlatforms) = postSolution
		{BFB3EB08-5570-443D-A130-2BEC6D7557B0}.Debug|Any CPU.ActiveCfg = Debug|Any CPU
		{BFB3EB08-5570-443D-A130-2BEC6D7557B0}.Debug|Any CPU.Build.0 = Debug|Any CPU
		{BFB3EB08-5570-443D-A130-2BEC6D7557B0}.Debug|ARM.ActiveCfg = Debug|Any CPU
		{BFB3EB08-5570-443D-A130-2BEC6D7557B0}.Debug|ARM.Build.0 = Debug|Any CPU
		{BFB3EB08-5570-443D-A130-2BEC6D7557B0}.Debug|ARM64.ActiveCfg = Debug|Any CPU
		{BFB3EB08-5570-443D-A130-2BEC6D7557B0}.Debug|ARM64.Build.0 = Debug|Any CPU
		{BFB3EB08-5570-443D-A130-2BEC6D7557B0}.Debug|x64.ActiveCfg = Debug|Any CPU
		{BFB3EB08-5570-443D-A130-2BEC6D7557B0}.Debug|x64.Build.0 = Debug|Any CPU
		{BFB3EB08-5570-443D-A130-2BEC6D7557B0}.Debug|x86.ActiveCfg = Debug|Any CPU
		{BFB3EB08-5570-443D-A130-2BEC6D7557B0}.Debug|x86.Build.0 = Debug|Any CPU
		{BFB3EB08-5570-443D-A130-2BEC6D7557B0}.Release|Any CPU.ActiveCfg = Release|Any CPU
		{BFB3EB08-5570-443D-A130-2BEC6D7557B0}.Release|Any CPU.Build.0 = Release|Any CPU
		{BFB3EB08-5570-443D-A130-2BEC6D7557B0}.Release|ARM.ActiveCfg = Release|Any CPU
		{BFB3EB08-5570-443D-A130-2BEC6D7557B0}.Release|ARM.Build.0 = Release|Any CPU
		{BFB3EB08-5570-443D-A130-2BEC6D7557B0}.Release|ARM64.ActiveCfg = Release|Any CPU
		{BFB3EB08-5570-443D-A130-2BEC6D7557B0}.Release|ARM64.Build.0 = Release|Any CPU
		{BFB3EB08-5570-443D-A130-2BEC6D7557B0}.Release|x64.ActiveCfg = Release|x64
		{BFB3EB08-5570-443D-A130-2BEC6D7557B0}.Release|x64.Build.0 = Release|x64
		{BFB3EB08-5570-443D-A130-2BEC6D7557B0}.Release|x86.ActiveCfg = Release|x86
		{BFB3EB08-5570-443D-A130-2BEC6D7557B0}.Release|x86.Build.0 = Release|x86
		{4FCB5C01-A82C-42C8-BC13-30EC49D4B702}.Debug|Any CPU.ActiveCfg = Debug|Any CPU
		{4FCB5C01-A82C-42C8-BC13-30EC49D4B702}.Debug|Any CPU.Build.0 = Debug|Any CPU
		{4FCB5C01-A82C-42C8-BC13-30EC49D4B702}.Debug|ARM.ActiveCfg = Debug|Any CPU
		{4FCB5C01-A82C-42C8-BC13-30EC49D4B702}.Debug|ARM.Build.0 = Debug|Any CPU
		{4FCB5C01-A82C-42C8-BC13-30EC49D4B702}.Debug|ARM64.ActiveCfg = Debug|Any CPU
		{4FCB5C01-A82C-42C8-BC13-30EC49D4B702}.Debug|ARM64.Build.0 = Debug|Any CPU
		{4FCB5C01-A82C-42C8-BC13-30EC49D4B702}.Debug|x64.ActiveCfg = Debug|Any CPU
		{4FCB5C01-A82C-42C8-BC13-30EC49D4B702}.Debug|x64.Build.0 = Debug|Any CPU
		{4FCB5C01-A82C-42C8-BC13-30EC49D4B702}.Debug|x86.ActiveCfg = Debug|Any CPU
		{4FCB5C01-A82C-42C8-BC13-30EC49D4B702}.Debug|x86.Build.0 = Debug|Any CPU
		{4FCB5C01-A82C-42C8-BC13-30EC49D4B702}.Release|Any CPU.ActiveCfg = Release|Any CPU
		{4FCB5C01-A82C-42C8-BC13-30EC49D4B702}.Release|Any CPU.Build.0 = Release|Any CPU
		{4FCB5C01-A82C-42C8-BC13-30EC49D4B702}.Release|ARM.ActiveCfg = Release|Any CPU
		{4FCB5C01-A82C-42C8-BC13-30EC49D4B702}.Release|ARM.Build.0 = Release|Any CPU
		{4FCB5C01-A82C-42C8-BC13-30EC49D4B702}.Release|ARM64.ActiveCfg = Release|Any CPU
		{4FCB5C01-A82C-42C8-BC13-30EC49D4B702}.Release|ARM64.Build.0 = Release|Any CPU
		{4FCB5C01-A82C-42C8-BC13-30EC49D4B702}.Release|x64.ActiveCfg = Release|x64
		{4FCB5C01-A82C-42C8-BC13-30EC49D4B702}.Release|x64.Build.0 = Release|x64
		{4FCB5C01-A82C-42C8-BC13-30EC49D4B702}.Release|x86.ActiveCfg = Release|x86
		{4FCB5C01-A82C-42C8-BC13-30EC49D4B702}.Release|x86.Build.0 = Release|x86
		{5960A0B3-3E5F-426F-960C-FD36BF5E9D20}.Debug|Any CPU.ActiveCfg = Debug|Any CPU
		{5960A0B3-3E5F-426F-960C-FD36BF5E9D20}.Debug|Any CPU.Build.0 = Debug|Any CPU
		{5960A0B3-3E5F-426F-960C-FD36BF5E9D20}.Debug|ARM.ActiveCfg = Debug|Any CPU
		{5960A0B3-3E5F-426F-960C-FD36BF5E9D20}.Debug|ARM.Build.0 = Debug|Any CPU
		{5960A0B3-3E5F-426F-960C-FD36BF5E9D20}.Debug|ARM64.ActiveCfg = Debug|Any CPU
		{5960A0B3-3E5F-426F-960C-FD36BF5E9D20}.Debug|ARM64.Build.0 = Debug|Any CPU
		{5960A0B3-3E5F-426F-960C-FD36BF5E9D20}.Debug|x64.ActiveCfg = Debug|Any CPU
		{5960A0B3-3E5F-426F-960C-FD36BF5E9D20}.Debug|x64.Build.0 = Debug|Any CPU
		{5960A0B3-3E5F-426F-960C-FD36BF5E9D20}.Debug|x86.ActiveCfg = Debug|Any CPU
		{5960A0B3-3E5F-426F-960C-FD36BF5E9D20}.Debug|x86.Build.0 = Debug|Any CPU
		{5960A0B3-3E5F-426F-960C-FD36BF5E9D20}.Release|Any CPU.ActiveCfg = Release|Any CPU
		{5960A0B3-3E5F-426F-960C-FD36BF5E9D20}.Release|Any CPU.Build.0 = Release|Any CPU
		{5960A0B3-3E5F-426F-960C-FD36BF5E9D20}.Release|ARM.ActiveCfg = Release|Any CPU
		{5960A0B3-3E5F-426F-960C-FD36BF5E9D20}.Release|ARM.Build.0 = Release|Any CPU
		{5960A0B3-3E5F-426F-960C-FD36BF5E9D20}.Release|ARM64.ActiveCfg = Release|Any CPU
		{5960A0B3-3E5F-426F-960C-FD36BF5E9D20}.Release|ARM64.Build.0 = Release|Any CPU
		{5960A0B3-3E5F-426F-960C-FD36BF5E9D20}.Release|x64.ActiveCfg = Release|Any CPU
		{5960A0B3-3E5F-426F-960C-FD36BF5E9D20}.Release|x64.Build.0 = Release|Any CPU
		{5960A0B3-3E5F-426F-960C-FD36BF5E9D20}.Release|x86.ActiveCfg = Release|Any CPU
		{5960A0B3-3E5F-426F-960C-FD36BF5E9D20}.Release|x86.Build.0 = Release|Any CPU
		{7BB61A55-DB42-440D-BBC1-E568F394D658}.Debug|Any CPU.ActiveCfg = Debug|Any CPU
		{7BB61A55-DB42-440D-BBC1-E568F394D658}.Debug|Any CPU.Build.0 = Debug|Any CPU
		{7BB61A55-DB42-440D-BBC1-E568F394D658}.Debug|ARM.ActiveCfg = Debug|Any CPU
		{7BB61A55-DB42-440D-BBC1-E568F394D658}.Debug|ARM.Build.0 = Debug|Any CPU
		{7BB61A55-DB42-440D-BBC1-E568F394D658}.Debug|ARM64.ActiveCfg = Debug|Any CPU
		{7BB61A55-DB42-440D-BBC1-E568F394D658}.Debug|ARM64.Build.0 = Debug|Any CPU
		{7BB61A55-DB42-440D-BBC1-E568F394D658}.Debug|x64.ActiveCfg = Debug|Any CPU
		{7BB61A55-DB42-440D-BBC1-E568F394D658}.Debug|x64.Build.0 = Debug|Any CPU
		{7BB61A55-DB42-440D-BBC1-E568F394D658}.Debug|x86.ActiveCfg = Debug|Any CPU
		{7BB61A55-DB42-440D-BBC1-E568F394D658}.Debug|x86.Build.0 = Debug|Any CPU
		{7BB61A55-DB42-440D-BBC1-E568F394D658}.Release|Any CPU.ActiveCfg = Release|Any CPU
		{7BB61A55-DB42-440D-BBC1-E568F394D658}.Release|Any CPU.Build.0 = Release|Any CPU
		{7BB61A55-DB42-440D-BBC1-E568F394D658}.Release|ARM.ActiveCfg = Release|Any CPU
		{7BB61A55-DB42-440D-BBC1-E568F394D658}.Release|ARM.Build.0 = Release|Any CPU
		{7BB61A55-DB42-440D-BBC1-E568F394D658}.Release|ARM64.ActiveCfg = Release|Any CPU
		{7BB61A55-DB42-440D-BBC1-E568F394D658}.Release|ARM64.Build.0 = Release|Any CPU
		{7BB61A55-DB42-440D-BBC1-E568F394D658}.Release|x64.ActiveCfg = Release|Any CPU
		{7BB61A55-DB42-440D-BBC1-E568F394D658}.Release|x64.Build.0 = Release|Any CPU
		{7BB61A55-DB42-440D-BBC1-E568F394D658}.Release|x86.ActiveCfg = Release|Any CPU
		{7BB61A55-DB42-440D-BBC1-E568F394D658}.Release|x86.Build.0 = Release|Any CPU
		{C056B320-0735-46D3-990F-57D9CE8FE3A6}.Debug|Any CPU.ActiveCfg = Debug|Any CPU
		{C056B320-0735-46D3-990F-57D9CE8FE3A6}.Debug|Any CPU.Build.0 = Debug|Any CPU
		{C056B320-0735-46D3-990F-57D9CE8FE3A6}.Debug|ARM.ActiveCfg = Debug|Any CPU
		{C056B320-0735-46D3-990F-57D9CE8FE3A6}.Debug|ARM.Build.0 = Debug|Any CPU
		{C056B320-0735-46D3-990F-57D9CE8FE3A6}.Debug|ARM64.ActiveCfg = Debug|Any CPU
		{C056B320-0735-46D3-990F-57D9CE8FE3A6}.Debug|ARM64.Build.0 = Debug|Any CPU
		{C056B320-0735-46D3-990F-57D9CE8FE3A6}.Debug|x64.ActiveCfg = Debug|Any CPU
		{C056B320-0735-46D3-990F-57D9CE8FE3A6}.Debug|x64.Build.0 = Debug|Any CPU
		{C056B320-0735-46D3-990F-57D9CE8FE3A6}.Debug|x86.ActiveCfg = Debug|Any CPU
		{C056B320-0735-46D3-990F-57D9CE8FE3A6}.Debug|x86.Build.0 = Debug|Any CPU
		{C056B320-0735-46D3-990F-57D9CE8FE3A6}.Release|Any CPU.ActiveCfg = Release|Any CPU
		{C056B320-0735-46D3-990F-57D9CE8FE3A6}.Release|Any CPU.Build.0 = Release|Any CPU
		{C056B320-0735-46D3-990F-57D9CE8FE3A6}.Release|ARM.ActiveCfg = Release|Any CPU
		{C056B320-0735-46D3-990F-57D9CE8FE3A6}.Release|ARM.Build.0 = Release|Any CPU
		{C056B320-0735-46D3-990F-57D9CE8FE3A6}.Release|ARM64.ActiveCfg = Release|Any CPU
		{C056B320-0735-46D3-990F-57D9CE8FE3A6}.Release|ARM64.Build.0 = Release|Any CPU
		{C056B320-0735-46D3-990F-57D9CE8FE3A6}.Release|x64.ActiveCfg = Release|Any CPU
		{C056B320-0735-46D3-990F-57D9CE8FE3A6}.Release|x64.Build.0 = Release|Any CPU
		{C056B320-0735-46D3-990F-57D9CE8FE3A6}.Release|x86.ActiveCfg = Release|Any CPU
		{C056B320-0735-46D3-990F-57D9CE8FE3A6}.Release|x86.Build.0 = Release|Any CPU
		{EC7C3F43-4CF9-4506-844F-FDC0AF737AA3}.Debug|Any CPU.ActiveCfg = Debug|Any CPU
		{EC7C3F43-4CF9-4506-844F-FDC0AF737AA3}.Debug|Any CPU.Build.0 = Debug|Any CPU
		{EC7C3F43-4CF9-4506-844F-FDC0AF737AA3}.Debug|ARM.ActiveCfg = Debug|Any CPU
		{EC7C3F43-4CF9-4506-844F-FDC0AF737AA3}.Debug|ARM.Build.0 = Debug|Any CPU
		{EC7C3F43-4CF9-4506-844F-FDC0AF737AA3}.Debug|ARM64.ActiveCfg = Debug|Any CPU
		{EC7C3F43-4CF9-4506-844F-FDC0AF737AA3}.Debug|ARM64.Build.0 = Debug|Any CPU
		{EC7C3F43-4CF9-4506-844F-FDC0AF737AA3}.Debug|x64.ActiveCfg = Debug|Any CPU
		{EC7C3F43-4CF9-4506-844F-FDC0AF737AA3}.Debug|x64.Build.0 = Debug|Any CPU
		{EC7C3F43-4CF9-4506-844F-FDC0AF737AA3}.Debug|x86.ActiveCfg = Debug|Any CPU
		{EC7C3F43-4CF9-4506-844F-FDC0AF737AA3}.Debug|x86.Build.0 = Debug|Any CPU
		{EC7C3F43-4CF9-4506-844F-FDC0AF737AA3}.Release|Any CPU.ActiveCfg = Release|Any CPU
		{EC7C3F43-4CF9-4506-844F-FDC0AF737AA3}.Release|Any CPU.Build.0 = Release|Any CPU
		{EC7C3F43-4CF9-4506-844F-FDC0AF737AA3}.Release|ARM.ActiveCfg = Release|Any CPU
		{EC7C3F43-4CF9-4506-844F-FDC0AF737AA3}.Release|ARM.Build.0 = Release|Any CPU
		{EC7C3F43-4CF9-4506-844F-FDC0AF737AA3}.Release|ARM64.ActiveCfg = Release|Any CPU
		{EC7C3F43-4CF9-4506-844F-FDC0AF737AA3}.Release|ARM64.Build.0 = Release|Any CPU
		{EC7C3F43-4CF9-4506-844F-FDC0AF737AA3}.Release|x64.ActiveCfg = Release|Any CPU
		{EC7C3F43-4CF9-4506-844F-FDC0AF737AA3}.Release|x64.Build.0 = Release|Any CPU
		{EC7C3F43-4CF9-4506-844F-FDC0AF737AA3}.Release|x86.ActiveCfg = Release|Any CPU
		{EC7C3F43-4CF9-4506-844F-FDC0AF737AA3}.Release|x86.Build.0 = Release|Any CPU
		{DFE7C467-8400-49C0-857C-3BB481B21927}.Debug|Any CPU.ActiveCfg = Debug|Any CPU
		{DFE7C467-8400-49C0-857C-3BB481B21927}.Debug|Any CPU.Build.0 = Debug|Any CPU
		{DFE7C467-8400-49C0-857C-3BB481B21927}.Debug|ARM.ActiveCfg = Debug|Any CPU
		{DFE7C467-8400-49C0-857C-3BB481B21927}.Debug|ARM.Build.0 = Debug|Any CPU
		{DFE7C467-8400-49C0-857C-3BB481B21927}.Debug|ARM64.ActiveCfg = Debug|Any CPU
		{DFE7C467-8400-49C0-857C-3BB481B21927}.Debug|ARM64.Build.0 = Debug|Any CPU
		{DFE7C467-8400-49C0-857C-3BB481B21927}.Debug|x64.ActiveCfg = Debug|Any CPU
		{DFE7C467-8400-49C0-857C-3BB481B21927}.Debug|x64.Build.0 = Debug|Any CPU
		{DFE7C467-8400-49C0-857C-3BB481B21927}.Debug|x86.ActiveCfg = Debug|Any CPU
		{DFE7C467-8400-49C0-857C-3BB481B21927}.Debug|x86.Build.0 = Debug|Any CPU
		{DFE7C467-8400-49C0-857C-3BB481B21927}.Release|Any CPU.ActiveCfg = Release|Any CPU
		{DFE7C467-8400-49C0-857C-3BB481B21927}.Release|Any CPU.Build.0 = Release|Any CPU
		{DFE7C467-8400-49C0-857C-3BB481B21927}.Release|ARM.ActiveCfg = Release|Any CPU
		{DFE7C467-8400-49C0-857C-3BB481B21927}.Release|ARM.Build.0 = Release|Any CPU
		{DFE7C467-8400-49C0-857C-3BB481B21927}.Release|ARM64.ActiveCfg = Release|Any CPU
		{DFE7C467-8400-49C0-857C-3BB481B21927}.Release|ARM64.Build.0 = Release|Any CPU
		{DFE7C467-8400-49C0-857C-3BB481B21927}.Release|x64.ActiveCfg = Release|Any CPU
		{DFE7C467-8400-49C0-857C-3BB481B21927}.Release|x64.Build.0 = Release|Any CPU
		{DFE7C467-8400-49C0-857C-3BB481B21927}.Release|x86.ActiveCfg = Release|Any CPU
		{DFE7C467-8400-49C0-857C-3BB481B21927}.Release|x86.Build.0 = Release|Any CPU
		{E1F3F878-23C4-4F73-84A6-B818D2EFDC7F}.Debug|Any CPU.ActiveCfg = Debug|Any CPU
		{E1F3F878-23C4-4F73-84A6-B818D2EFDC7F}.Debug|Any CPU.Build.0 = Debug|Any CPU
		{E1F3F878-23C4-4F73-84A6-B818D2EFDC7F}.Debug|ARM.ActiveCfg = Debug|Any CPU
		{E1F3F878-23C4-4F73-84A6-B818D2EFDC7F}.Debug|ARM.Build.0 = Debug|Any CPU
		{E1F3F878-23C4-4F73-84A6-B818D2EFDC7F}.Debug|ARM64.ActiveCfg = Debug|Any CPU
		{E1F3F878-23C4-4F73-84A6-B818D2EFDC7F}.Debug|ARM64.Build.0 = Debug|Any CPU
		{E1F3F878-23C4-4F73-84A6-B818D2EFDC7F}.Debug|x64.ActiveCfg = Debug|Any CPU
		{E1F3F878-23C4-4F73-84A6-B818D2EFDC7F}.Debug|x64.Build.0 = Debug|Any CPU
		{E1F3F878-23C4-4F73-84A6-B818D2EFDC7F}.Debug|x86.ActiveCfg = Debug|Any CPU
		{E1F3F878-23C4-4F73-84A6-B818D2EFDC7F}.Debug|x86.Build.0 = Debug|Any CPU
		{E1F3F878-23C4-4F73-84A6-B818D2EFDC7F}.Release|Any CPU.ActiveCfg = Release|Any CPU
		{E1F3F878-23C4-4F73-84A6-B818D2EFDC7F}.Release|Any CPU.Build.0 = Release|Any CPU
		{E1F3F878-23C4-4F73-84A6-B818D2EFDC7F}.Release|ARM.ActiveCfg = Release|Any CPU
		{E1F3F878-23C4-4F73-84A6-B818D2EFDC7F}.Release|ARM.Build.0 = Release|Any CPU
		{E1F3F878-23C4-4F73-84A6-B818D2EFDC7F}.Release|ARM64.ActiveCfg = Release|Any CPU
		{E1F3F878-23C4-4F73-84A6-B818D2EFDC7F}.Release|ARM64.Build.0 = Release|Any CPU
		{E1F3F878-23C4-4F73-84A6-B818D2EFDC7F}.Release|x64.ActiveCfg = Release|Any CPU
		{E1F3F878-23C4-4F73-84A6-B818D2EFDC7F}.Release|x64.Build.0 = Release|Any CPU
		{E1F3F878-23C4-4F73-84A6-B818D2EFDC7F}.Release|x86.ActiveCfg = Release|Any CPU
		{E1F3F878-23C4-4F73-84A6-B818D2EFDC7F}.Release|x86.Build.0 = Release|Any CPU
		{FC945EE3-A95B-441D-BA26-FC490DC93690}.Debug|Any CPU.ActiveCfg = Debug|Any CPU
		{FC945EE3-A95B-441D-BA26-FC490DC93690}.Debug|Any CPU.Build.0 = Debug|Any CPU
		{FC945EE3-A95B-441D-BA26-FC490DC93690}.Debug|ARM.ActiveCfg = Debug|Any CPU
		{FC945EE3-A95B-441D-BA26-FC490DC93690}.Debug|ARM.Build.0 = Debug|Any CPU
		{FC945EE3-A95B-441D-BA26-FC490DC93690}.Debug|ARM64.ActiveCfg = Debug|Any CPU
		{FC945EE3-A95B-441D-BA26-FC490DC93690}.Debug|ARM64.Build.0 = Debug|Any CPU
		{FC945EE3-A95B-441D-BA26-FC490DC93690}.Debug|x64.ActiveCfg = Debug|Any CPU
		{FC945EE3-A95B-441D-BA26-FC490DC93690}.Debug|x64.Build.0 = Debug|Any CPU
		{FC945EE3-A95B-441D-BA26-FC490DC93690}.Debug|x86.ActiveCfg = Debug|Any CPU
		{FC945EE3-A95B-441D-BA26-FC490DC93690}.Debug|x86.Build.0 = Debug|Any CPU
		{FC945EE3-A95B-441D-BA26-FC490DC93690}.Release|Any CPU.ActiveCfg = Release|Any CPU
		{FC945EE3-A95B-441D-BA26-FC490DC93690}.Release|Any CPU.Build.0 = Release|Any CPU
		{FC945EE3-A95B-441D-BA26-FC490DC93690}.Release|ARM.ActiveCfg = Release|Any CPU
		{FC945EE3-A95B-441D-BA26-FC490DC93690}.Release|ARM.Build.0 = Release|Any CPU
		{FC945EE3-A95B-441D-BA26-FC490DC93690}.Release|ARM64.ActiveCfg = Release|Any CPU
		{FC945EE3-A95B-441D-BA26-FC490DC93690}.Release|ARM64.Build.0 = Release|Any CPU
		{FC945EE3-A95B-441D-BA26-FC490DC93690}.Release|x64.ActiveCfg = Release|Any CPU
		{FC945EE3-A95B-441D-BA26-FC490DC93690}.Release|x64.Build.0 = Release|Any CPU
		{FC945EE3-A95B-441D-BA26-FC490DC93690}.Release|x86.ActiveCfg = Release|Any CPU
		{FC945EE3-A95B-441D-BA26-FC490DC93690}.Release|x86.Build.0 = Release|Any CPU
		{C85267B8-188B-4DD0-B6C9-C85525AC77F6}.Debug|Any CPU.ActiveCfg = Debug|Any CPU
		{C85267B8-188B-4DD0-B6C9-C85525AC77F6}.Debug|Any CPU.Build.0 = Debug|Any CPU
		{C85267B8-188B-4DD0-B6C9-C85525AC77F6}.Debug|ARM.ActiveCfg = Debug|Any CPU
		{C85267B8-188B-4DD0-B6C9-C85525AC77F6}.Debug|ARM.Build.0 = Debug|Any CPU
		{C85267B8-188B-4DD0-B6C9-C85525AC77F6}.Debug|ARM64.ActiveCfg = Debug|Any CPU
		{C85267B8-188B-4DD0-B6C9-C85525AC77F6}.Debug|ARM64.Build.0 = Debug|Any CPU
		{C85267B8-188B-4DD0-B6C9-C85525AC77F6}.Debug|x64.ActiveCfg = Debug|Any CPU
		{C85267B8-188B-4DD0-B6C9-C85525AC77F6}.Debug|x64.Build.0 = Debug|Any CPU
		{C85267B8-188B-4DD0-B6C9-C85525AC77F6}.Debug|x86.ActiveCfg = Debug|Any CPU
		{C85267B8-188B-4DD0-B6C9-C85525AC77F6}.Debug|x86.Build.0 = Debug|Any CPU
		{C85267B8-188B-4DD0-B6C9-C85525AC77F6}.Release|Any CPU.ActiveCfg = Release|Any CPU
		{C85267B8-188B-4DD0-B6C9-C85525AC77F6}.Release|Any CPU.Build.0 = Release|Any CPU
		{C85267B8-188B-4DD0-B6C9-C85525AC77F6}.Release|ARM.ActiveCfg = Release|Any CPU
		{C85267B8-188B-4DD0-B6C9-C85525AC77F6}.Release|ARM.Build.0 = Release|Any CPU
		{C85267B8-188B-4DD0-B6C9-C85525AC77F6}.Release|ARM64.ActiveCfg = Release|Any CPU
		{C85267B8-188B-4DD0-B6C9-C85525AC77F6}.Release|ARM64.Build.0 = Release|Any CPU
		{C85267B8-188B-4DD0-B6C9-C85525AC77F6}.Release|x64.ActiveCfg = Release|Any CPU
		{C85267B8-188B-4DD0-B6C9-C85525AC77F6}.Release|x64.Build.0 = Release|Any CPU
		{C85267B8-188B-4DD0-B6C9-C85525AC77F6}.Release|x86.ActiveCfg = Release|Any CPU
		{C85267B8-188B-4DD0-B6C9-C85525AC77F6}.Release|x86.Build.0 = Release|Any CPU
		{D2182086-CE6D-4C9B-B1EC-3CBF606DCC04}.Debug|Any CPU.ActiveCfg = Debug|Any CPU
		{D2182086-CE6D-4C9B-B1EC-3CBF606DCC04}.Debug|Any CPU.Build.0 = Debug|Any CPU
		{D2182086-CE6D-4C9B-B1EC-3CBF606DCC04}.Debug|ARM.ActiveCfg = Debug|Any CPU
		{D2182086-CE6D-4C9B-B1EC-3CBF606DCC04}.Debug|ARM.Build.0 = Debug|Any CPU
		{D2182086-CE6D-4C9B-B1EC-3CBF606DCC04}.Debug|ARM64.ActiveCfg = Debug|Any CPU
		{D2182086-CE6D-4C9B-B1EC-3CBF606DCC04}.Debug|ARM64.Build.0 = Debug|Any CPU
		{D2182086-CE6D-4C9B-B1EC-3CBF606DCC04}.Debug|x64.ActiveCfg = Debug|Any CPU
		{D2182086-CE6D-4C9B-B1EC-3CBF606DCC04}.Debug|x64.Build.0 = Debug|Any CPU
		{D2182086-CE6D-4C9B-B1EC-3CBF606DCC04}.Debug|x86.ActiveCfg = Debug|Any CPU
		{D2182086-CE6D-4C9B-B1EC-3CBF606DCC04}.Debug|x86.Build.0 = Debug|Any CPU
		{D2182086-CE6D-4C9B-B1EC-3CBF606DCC04}.Release|Any CPU.ActiveCfg = Release|Any CPU
		{D2182086-CE6D-4C9B-B1EC-3CBF606DCC04}.Release|Any CPU.Build.0 = Release|Any CPU
		{D2182086-CE6D-4C9B-B1EC-3CBF606DCC04}.Release|ARM.ActiveCfg = Release|Any CPU
		{D2182086-CE6D-4C9B-B1EC-3CBF606DCC04}.Release|ARM.Build.0 = Release|Any CPU
		{D2182086-CE6D-4C9B-B1EC-3CBF606DCC04}.Release|ARM64.ActiveCfg = Release|Any CPU
		{D2182086-CE6D-4C9B-B1EC-3CBF606DCC04}.Release|ARM64.Build.0 = Release|Any CPU
		{D2182086-CE6D-4C9B-B1EC-3CBF606DCC04}.Release|x64.ActiveCfg = Release|Any CPU
		{D2182086-CE6D-4C9B-B1EC-3CBF606DCC04}.Release|x64.Build.0 = Release|Any CPU
		{D2182086-CE6D-4C9B-B1EC-3CBF606DCC04}.Release|x86.ActiveCfg = Release|Any CPU
		{D2182086-CE6D-4C9B-B1EC-3CBF606DCC04}.Release|x86.Build.0 = Release|Any CPU
		{4A93FB6B-E94E-41F6-A077-1662100D5971}.Debug|Any CPU.ActiveCfg = Debug|Any CPU
		{4A93FB6B-E94E-41F6-A077-1662100D5971}.Debug|Any CPU.Build.0 = Debug|Any CPU
		{4A93FB6B-E94E-41F6-A077-1662100D5971}.Debug|ARM.ActiveCfg = Debug|Any CPU
		{4A93FB6B-E94E-41F6-A077-1662100D5971}.Debug|ARM.Build.0 = Debug|Any CPU
		{4A93FB6B-E94E-41F6-A077-1662100D5971}.Debug|ARM64.ActiveCfg = Debug|Any CPU
		{4A93FB6B-E94E-41F6-A077-1662100D5971}.Debug|ARM64.Build.0 = Debug|Any CPU
		{4A93FB6B-E94E-41F6-A077-1662100D5971}.Debug|x64.ActiveCfg = Debug|Any CPU
		{4A93FB6B-E94E-41F6-A077-1662100D5971}.Debug|x64.Build.0 = Debug|Any CPU
		{4A93FB6B-E94E-41F6-A077-1662100D5971}.Debug|x86.ActiveCfg = Debug|Any CPU
		{4A93FB6B-E94E-41F6-A077-1662100D5971}.Debug|x86.Build.0 = Debug|Any CPU
		{4A93FB6B-E94E-41F6-A077-1662100D5971}.Release|Any CPU.ActiveCfg = Release|Any CPU
		{4A93FB6B-E94E-41F6-A077-1662100D5971}.Release|Any CPU.Build.0 = Release|Any CPU
		{4A93FB6B-E94E-41F6-A077-1662100D5971}.Release|ARM.ActiveCfg = Release|Any CPU
		{4A93FB6B-E94E-41F6-A077-1662100D5971}.Release|ARM.Build.0 = Release|Any CPU
		{4A93FB6B-E94E-41F6-A077-1662100D5971}.Release|ARM64.ActiveCfg = Release|Any CPU
		{4A93FB6B-E94E-41F6-A077-1662100D5971}.Release|ARM64.Build.0 = Release|Any CPU
		{4A93FB6B-E94E-41F6-A077-1662100D5971}.Release|x64.ActiveCfg = Release|Any CPU
		{4A93FB6B-E94E-41F6-A077-1662100D5971}.Release|x64.Build.0 = Release|Any CPU
		{4A93FB6B-E94E-41F6-A077-1662100D5971}.Release|x86.ActiveCfg = Release|Any CPU
		{4A93FB6B-E94E-41F6-A077-1662100D5971}.Release|x86.Build.0 = Release|Any CPU
		{8403988E-0CD5-49A6-8151-EE7A6120C415}.Debug|Any CPU.ActiveCfg = Debug|Any CPU
		{8403988E-0CD5-49A6-8151-EE7A6120C415}.Debug|Any CPU.Build.0 = Debug|Any CPU
		{8403988E-0CD5-49A6-8151-EE7A6120C415}.Debug|ARM.ActiveCfg = Debug|Any CPU
		{8403988E-0CD5-49A6-8151-EE7A6120C415}.Debug|ARM.Build.0 = Debug|Any CPU
		{8403988E-0CD5-49A6-8151-EE7A6120C415}.Debug|ARM64.ActiveCfg = Debug|Any CPU
		{8403988E-0CD5-49A6-8151-EE7A6120C415}.Debug|ARM64.Build.0 = Debug|Any CPU
		{8403988E-0CD5-49A6-8151-EE7A6120C415}.Debug|x64.ActiveCfg = Debug|Any CPU
		{8403988E-0CD5-49A6-8151-EE7A6120C415}.Debug|x64.Build.0 = Debug|Any CPU
		{8403988E-0CD5-49A6-8151-EE7A6120C415}.Debug|x86.ActiveCfg = Debug|Any CPU
		{8403988E-0CD5-49A6-8151-EE7A6120C415}.Debug|x86.Build.0 = Debug|Any CPU
		{8403988E-0CD5-49A6-8151-EE7A6120C415}.Release|Any CPU.ActiveCfg = Release|Any CPU
		{8403988E-0CD5-49A6-8151-EE7A6120C415}.Release|Any CPU.Build.0 = Release|Any CPU
		{8403988E-0CD5-49A6-8151-EE7A6120C415}.Release|ARM.ActiveCfg = Release|Any CPU
		{8403988E-0CD5-49A6-8151-EE7A6120C415}.Release|ARM.Build.0 = Release|Any CPU
		{8403988E-0CD5-49A6-8151-EE7A6120C415}.Release|ARM64.ActiveCfg = Release|Any CPU
		{8403988E-0CD5-49A6-8151-EE7A6120C415}.Release|ARM64.Build.0 = Release|Any CPU
		{8403988E-0CD5-49A6-8151-EE7A6120C415}.Release|x64.ActiveCfg = Release|Any CPU
		{8403988E-0CD5-49A6-8151-EE7A6120C415}.Release|x64.Build.0 = Release|Any CPU
		{8403988E-0CD5-49A6-8151-EE7A6120C415}.Release|x86.ActiveCfg = Release|Any CPU
		{8403988E-0CD5-49A6-8151-EE7A6120C415}.Release|x86.Build.0 = Release|Any CPU
	EndGlobalSection
	GlobalSection(SolutionProperties) = preSolution
		HideSolutionNode = FALSE
	EndGlobalSection
	GlobalSection(NestedProjects) = preSolution
		{BFB3EB08-5570-443D-A130-2BEC6D7557B0} = {9C0C6262-921A-4A2F-8706-B2C5F3D2F8A9}
		{5960A0B3-3E5F-426F-960C-FD36BF5E9D20} = {E8940B06-14E0-4AB4-A537-7FBF17799C8B}
		{7BB61A55-DB42-440D-BBC1-E568F394D658} = {E8940B06-14E0-4AB4-A537-7FBF17799C8B}
		{C056B320-0735-46D3-990F-57D9CE8FE3A6} = {E8940B06-14E0-4AB4-A537-7FBF17799C8B}
		{EC7C3F43-4CF9-4506-844F-FDC0AF737AA3} = {9C0C6262-921A-4A2F-8706-B2C5F3D2F8A9}
		{DFE7C467-8400-49C0-857C-3BB481B21927} = {9C0C6262-921A-4A2F-8706-B2C5F3D2F8A9}
		{E1F3F878-23C4-4F73-84A6-B818D2EFDC7F} = {9C0C6262-921A-4A2F-8706-B2C5F3D2F8A9}
		{FC945EE3-A95B-441D-BA26-FC490DC93690} = {82586D6E-61AD-41AA-A7C0-2EDD9E929DF9}
		{C85267B8-188B-4DD0-B6C9-C85525AC77F6} = {9C0C6262-921A-4A2F-8706-B2C5F3D2F8A9}
		{D2182086-CE6D-4C9B-B1EC-3CBF606DCC04} = {82586D6E-61AD-41AA-A7C0-2EDD9E929DF9}
		{4A93FB6B-E94E-41F6-A077-1662100D5971} = {E8940B06-14E0-4AB4-A537-7FBF17799C8B}
		{8403988E-0CD5-49A6-8151-EE7A6120C415} = {E8940B06-14E0-4AB4-A537-7FBF17799C8B}
	EndGlobalSection
	GlobalSection(ExtensibilityGlobals) = postSolution
		SolutionGuid = {9FEB045E-862E-4F27-A108-1FBC69EC6A2E}
	EndGlobalSection
EndGlobal
